
Microsoft Visual Studio Solution File, Format Version 11.00
# Visual Studio 2010
Project("{FAE04EC0-301F-11D3-BF4B-00C04F79EFBC}") = "WindowsGame4", "WindowsGame4\WindowsGame4\WindowsGame4.csproj", "{4AF43DA9-659A-4681-A3E0-ECDB2EE5A53D}"
EndProject
Project("{96E2B04D-8817-42C6-938A-82C39BA4D311}") = "WindowsGame4Content", "WindowsGame4\WindowsGame4Content\WindowsGame4Content.contentproj", "{016DCF68-2F23-4EB1-92A1-ADF9B42F2F03}"
EndProject
Global
	GlobalSection(SolutionConfigurationPlatforms) = preSolution
		Debug|x86 = Debug|x86
		Release|x86 = Release|x86
	EndGlobalSection
	GlobalSection(ProjectConfigurationPlatforms) = postSolution
		{4AF43DA9-659A-4681-A3E0-ECDB2EE5A53D}.Debug|x86.ActiveCfg = Debug|x86
		{4AF43DA9-659A-4681-A3E0-ECDB2EE5A53D}.Debug|x86.Build.0 = Debug|x86
		{4AF43DA9-659A-4681-A3E0-ECDB2EE5A53D}.Release|x86.ActiveCfg = Release|x86
		{4AF43DA9-659A-4681-A3E0-ECDB2EE5A53D}.Release|x86.Build.0 = Release|x86
		{016DCF68-2F23-4EB1-92A1-ADF9B42F2F03}.Debug|x86.ActiveCfg = Debug|x86
		{016DCF68-2F23-4EB1-92A1-ADF9B42F2F03}.Release|x86.ActiveCfg = Release|x86
	EndGlobalSection
	GlobalSection(SolutionProperties) = preSolution
		HideSolutionNode = FALSE
	EndGlobalSection
EndGlobal
